{
  "nodes": {
    "flake-compat": {
      "flake": false,
      "locked": {
        "lastModified": 1627913399,
        "narHash": "sha256-hY8g6H2KFL8ownSiFeMOjwPC8P0ueXpCVEbxgda3pko=",
        "owner": "edolstra",
        "repo": "flake-compat",
        "rev": "12c64ca55c1014cdc1b16ed5a804aa8576601ff2",
        "type": "github"
      },
      "original": {
        "owner": "edolstra",
        "repo": "flake-compat",
        "type": "github"
      }
    },
    "flake-utils": {
      "locked": {
        "lastModified": 1623875721,
        "narHash": "sha256-A8BU7bjS5GirpAUv4QA+QnJ4CceLHkcXdRp4xITDB0s=",
        "owner": "numtide",
        "repo": "flake-utils",
        "rev": "f7e004a55b120c02ecb6219596820fcd32ca8772",
        "type": "github"
      },
      "original": {
        "owner": "numtide",
        "repo": "flake-utils",
        "type": "github"
      }
    },
    "nixpkgs": {
      "locked": {
        "lastModified": 1720553833,
        "narHash": "sha256-IXMiHQMtdShDXcBW95ctA+m5Oq2kLxnBt7WlMxvDQXA=",
        "owner": "NixOS",
        "repo": "nixpkgs",
        "rev": "249fbde2a178a2ea2638b65b9ecebd531b338cf9",
        "type": "github"
      },
      "original": {
        "owner": "NixOS",
        "ref": "nixos-24.05",
        "repo": "nixpkgs",
        "type": "github"
      }
    },
    "root": {
      "inputs": {
        "flake-compat": "flake-compat",
        "flake-utils": "flake-utils",
        "nixpkgs": "nixpkgs",
        "tmp-postgres-src": "tmp-postgres-src"
      }
    },
    "tmp-postgres-src": {
      "flake": false,
      "locked": {
        "lastModified": 1691516008,
        "narHash": "sha256-dE1OQN7I4Lxy6RBdLCvm75Z9D/Hu+9G4ejV2pEtvL1A=",
        "owner": "jfischoff",
        "repo": "tmp-postgres",
        "rev": "7f2467a6d6d5f6db7eed59919a6773fe006cf22b",
        "type": "github"
      },
      "original": {
        "owner": "jfischoff",
        "repo": "tmp-postgres",
        "type": "github"
      }
    }
  },
  "root": "root",
  "version": 7
}
